
Microsoft Visual Studio Solution File, Format Version 12.00
# Visual Studio 14
VisualStudioVersion = 14.0.25420.1
MinimumVisualStudioVersion = 10.0.40219.1
Project("{FAE04EC0-301F-11D3-BF4B-00C04F79EFBC}") = "Contract", "Contract\Contract.csproj", "{1841BB7A-91EF-4A2A-8149-E977BBE16590}"
EndProject
Project("{FAE04EC0-301F-11D3-BF4B-00C04F79EFBC}") = "RegistService", "RegistService\RegistService.csproj", "{CF643AF7-50E8-47D3-9DD8-5AB2123F6E00}"
EndProject
Project("{FAE04EC0-301F-11D3-BF4B-00C04F79EFBC}") = "Client", "Client\Client.csproj", "{48398652-1362-4D64-898E-B3D414E1008B}"
EndProject
Global
	GlobalSection(SolutionConfigurationPlatforms) = preSolution
		Debug|Any CPU = Debug|Any CPU
		Release|Any CPU = Release|Any CPU
	EndGlobalSection
	GlobalSection(ProjectConfigurationPlatforms) = postSolution
		{1841BB7A-91EF-4A2A-8149-E977BBE16590}.Debug|Any CPU.ActiveCfg = Debug|Any CPU
		{1841BB7A-91EF-4A2A-8149-E977BBE16590}.Debug|Any CPU.Build.0 = Debug|Any CPU
		{1841BB7A-91EF-4A2A-8149-E977BBE16590}.Release|Any CPU.ActiveCfg = Release|Any CPU
		{1841BB7A-91EF-4A2A-8149-E977BBE16590}.Release|Any CPU.Build.0 = Release|Any CPU
		{CF643AF7-50E8-47D3-9DD8-5AB2123F6E00}.Debug|Any CPU.ActiveCfg = Debug|Any CPU
		{CF643AF7-50E8-47D3-9DD8-5AB2123F6E00}.Debug|Any CPU.Build.0 = Debug|Any CPU
		{CF643AF7-50E8-47D3-9DD8-5AB2123F6E00}.Release|Any CPU.ActiveCfg = Release|Any CPU
		{CF643AF7-50E8-47D3-9DD8-5AB2123F6E00}.Release|Any CPU.Build.0 = Release|Any CPU
		{48398652-1362-4D64-898E-B3D414E1008B}.Debug|Any CPU.ActiveCfg = Debug|Any CPU
		{48398652-1362-4D64-898E-B3D414E1008B}.Debug|Any CPU.Build.0 = Debug|Any CPU
		{48398652-1362-4D64-898E-B3D414E1008B}.Release|Any CPU.ActiveCfg = Release|Any CPU
		{48398652-1362-4D64-898E-B3D414E1008B}.Release|Any CPU.Build.0 = Release|Any CPU
	EndGlobalSection
	GlobalSection(SolutionProperties) = preSolution
		HideSolutionNode = FALSE
	EndGlobalSection
EndGlobal
